// !$*UTF8*$!
{ archiveVersion = 1; classes = {}; objectVersion = 56; objects = {
F934BB4D6ADA85C6978746B7 = { isa = PBXFileReference; lastKnownFileType = sourcecode.swift; path = "Kairo/Sources/AppStore.swift"; sourceTree = SOURCE_ROOT; };
49EF6D321A15707584534B12 = { isa = PBXBuildFile; fileRef = F934BB4D6ADA85C6978746B7; };
F6A93F34750E98736C89DAE7 = { isa = PBXFileReference; lastKnownFileType = sourcecode.swift; path = "Kairo/Sources/CatalogAPI.swift"; sourceTree = SOURCE_ROOT; };
3F38882E1293BBA34A97892B = { isa = PBXBuildFile; fileRef = F6A93F34750E98736C89DAE7; };
E0EB624A21B15E858338692D = { isa = PBXFileReference; lastKnownFileType = sourcecode.swift; path = "Kairo/Sources/DetailView.swift"; sourceTree = SOURCE_ROOT; };
26EA42E579C7F0D8AB4F4458 = { isa = PBXBuildFile; fileRef = E0EB624A21B15E858338692D; };
7CB5C5FCADB8DE8BE31DEE52 = { isa = PBXFileReference; lastKnownFileType = sourcecode.swift; path = "Kairo/Sources/DownloadManager.swift"; sourceTree = SOURCE_ROOT; };
0F64A312DC48ED7F3EF2AA99 = { isa = PBXBuildFile; fileRef = 7CB5C5FCADB8DE8BE31DEE52; };
3C0CFC76C54AE2E57B6CEE11 = { isa = PBXFileReference; lastKnownFileType = sourcecode.swift; path = "Kairo/Sources/EpisodeMetadata.swift"; sourceTree = SOURCE_ROOT; };
B595A1B82FD504E3F521A48F = { isa = PBXBuildFile; fileRef = 3C0CFC76C54AE2E57B6CEE11; };
8CDE7B5CAAA7529144344D8C = { isa = PBXFileReference; lastKnownFileType = sourcecode.swift; path = "Kairo/Sources/HomeView.swift"; sourceTree = SOURCE_ROOT; };
F5D8925E89DF624F7F4C72B0 = { isa = PBXBuildFile; fileRef = 8CDE7B5CAAA7529144344D8C; };
E4824B9DA31497D722D554D6 = { isa = PBXFileReference; lastKnownFileType = sourcecode.swift; path = "Kairo/Sources/KairoApp.swift"; sourceTree = SOURCE_ROOT; };
EB6FBBCE5D76907C764B60CB = { isa = PBXBuildFile; fileRef = E4824B9DA31497D722D554D6; };
D649E319B343F00999285B62 = { isa = PBXFileReference; lastKnownFileType = sourcecode.swift; path = "Kairo/Sources/LibraryDownloadsView.swift"; sourceTree = SOURCE_ROOT; };
4372919AAD222C4D4955360F = { isa = PBXBuildFile; fileRef = D649E319B343F00999285B62; };
AFE50EFD4C5112EF4B746EA5 = { isa = PBXFileReference; lastKnownFileType = sourcecode.swift; path = "Kairo/Sources/Models.swift"; sourceTree = SOURCE_ROOT; };
9376C2E58DE8C77F786F9512 = { isa = PBXBuildFile; fileRef = AFE50EFD4C5112EF4B746EA5; };
A058C07CA191DFB1FF356A58 = { isa = PBXFileReference; lastKnownFileType = sourcecode.swift; path = "Kairo/Sources/Playback.swift"; sourceTree = SOURCE_ROOT; };
777028AC402E33049FFE17F6 = { isa = PBXBuildFile; fileRef = A058C07CA191DFB1FF356A58; };
FF6FC4FD50D0BF305C6507BD = { isa = PBXFileReference; lastKnownFileType = sourcecode.swift; path = "KairoTests/KairoTests.swift"; sourceTree = SOURCE_ROOT; };
D4D04CEAB9408DD3D0B7B548 = { isa = PBXBuildFile; fileRef = FF6FC4FD50D0BF305C6507BD; };
372E8EABE95C177EBC96CD2F = { isa = PBXFileReference; lastKnownFileType = folder.assetcatalog; path = "Kairo/Resources/Assets.xcassets"; sourceTree = SOURCE_ROOT; };
1F794B6D5D2F314F6335B4E3 = { isa = PBXBuildFile; fileRef = 372E8EABE95C177EBC96CD2F; };
38A007151ABE87CC01A5B6E9 = { isa = PBXFileReference; explicitFileType = wrapper.application; path = Kairo.app; sourceTree = BUILT_PRODUCTS_DIR; };
B7480EC88B7F22D0A4757273 = { isa = PBXFileReference; explicitFileType = wrapper.cfbundle; path = KairoTests.xctest; sourceTree = BUILT_PRODUCTS_DIR; };
3A2A88DEEFF3D1D23E496597 = { isa = PBXGroup; name = App; children = (F934BB4D6ADA85C6978746B7,F6A93F34750E98736C89DAE7,E0EB624A21B15E858338692D,7CB5C5FCADB8DE8BE31DEE52,3C0CFC76C54AE2E57B6CEE11,8CDE7B5CAAA7529144344D8C,E4824B9DA31497D722D554D6,D649E319B343F00999285B62,AFE50EFD4C5112EF4B746EA5,A058C07CA191DFB1FF356A58,372E8EABE95C177EBC96CD2F,); sourceTree = "<group>"; };
8B7A6DECC0651D269EA794C7 = { isa = PBXGroup; name = Tests; children = (FF6FC4FD50D0BF305C6507BD,); sourceTree = "<group>"; };
FBDC4F23F93125BBEEAE800C = { isa = PBXGroup; name = Products; children = (38A007151ABE87CC01A5B6E9,B7480EC88B7F22D0A4757273,); sourceTree = "<group>"; };
325F10A6957A34D66CB8C0E4 = { isa = PBXGroup; children = (3A2A88DEEFF3D1D23E496597,8B7A6DECC0651D269EA794C7,FBDC4F23F93125BBEEAE800C,); sourceTree = "<group>"; };
2D764CD838DB39F040AA7EC4 = { isa = PBXSourcesBuildPhase; buildActionMask = 2147483647; files = (49EF6D321A15707584534B12,3F38882E1293BBA34A97892B,26EA42E579C7F0D8AB4F4458,0F64A312DC48ED7F3EF2AA99,B595A1B82FD504E3F521A48F,F5D8925E89DF624F7F4C72B0,EB6FBBCE5D76907C764B60CB,4372919AAD222C4D4955360F,9376C2E58DE8C77F786F9512,777028AC402E33049FFE17F6,); runOnlyForDeploymentPostprocessing = 0; };
12384B5908BE5FE5B3301CEE = { isa = PBXFrameworksBuildPhase; buildActionMask = 2147483647; files = (); runOnlyForDeploymentPostprocessing = 0; };
06F5DC629BD46AAFD46564D1 = { isa = PBXResourcesBuildPhase; buildActionMask = 2147483647; files = (1F794B6D5D2F314F6335B4E3,); runOnlyForDeploymentPostprocessing = 0; };
0AAF609B956B1178EE16AECC = { isa = PBXSourcesBuildPhase; buildActionMask = 2147483647; files = (D4D04CEAB9408DD3D0B7B548,); runOnlyForDeploymentPostprocessing = 0; };
0A7B6C0932A5D1B0862B4A3C = { isa = PBXFrameworksBuildPhase; buildActionMask = 2147483647; files = (); runOnlyForDeploymentPostprocessing = 0; };
C154E96E5F496A9A26FEB46C = { isa = PBXResourcesBuildPhase; buildActionMask = 2147483647; files = (); runOnlyForDeploymentPostprocessing = 0; };
89E1FD6268CC0F221A2BE178 = { isa = XCBuildConfiguration; buildSettings = { IPHONEOS_DEPLOYMENT_TARGET = 17.0; SDKROOT = iphoneos; SWIFT_VERSION = 5.0; CLANG_ENABLE_MODULES = YES; SWIFT_OPTIMIZATION_LEVEL = "-Onone"; ENABLE_TESTABILITY = YES; DEBUG_INFORMATION_FORMAT = dwarf;  }; name = Debug; };
E6DE6C99132752C914FEF632 = { isa = XCBuildConfiguration; buildSettings = { IPHONEOS_DEPLOYMENT_TARGET = 17.0; SDKROOT = iphoneos; SWIFT_VERSION = 5.0; CLANG_ENABLE_MODULES = YES; SWIFT_OPTIMIZATION_LEVEL = "-O"; DEBUG_INFORMATION_FORMAT = "dwarf-with-dsym";  }; name = Release; };
862894B703A6DEDF96A9DD6C = { isa = XCConfigurationList; buildConfigurations = (89E1FD6268CC0F221A2BE178,E6DE6C99132752C914FEF632,); defaultConfigurationIsVisible = 0; defaultConfigurationName = Release; };
E9B2E96ABC5F6856F2BE79CF = { isa = XCBuildConfiguration; buildSettings = { IPHONEOS_DEPLOYMENT_TARGET = 17.0; SDKROOT = iphoneos; SWIFT_VERSION = 5.0; CLANG_ENABLE_MODULES = YES; TARGETED_DEVICE_FAMILY = "1,2"; CODE_SIGN_STYLE = Automatic; DEVELOPMENT_TEAM = ""; PRODUCT_NAME = "$(TARGET_NAME)"; LD_RUNPATH_SEARCH_PATHS = ("$(inherited)","@executable_path/Frameworks",); PRODUCT_BUNDLE_IDENTIFIER = net.kusapo.kairo; INFOPLIST_FILE = Kairo/Resources/Info.plist; GENERATE_INFOPLIST_FILE = NO; ASSETCATALOG_COMPILER_APPICON_NAME = AppIcon;  }; name = Debug; };
5A8C91857F674E16E2724F47 = { isa = XCBuildConfiguration; buildSettings = { IPHONEOS_DEPLOYMENT_TARGET = 17.0; SDKROOT = iphoneos; SWIFT_VERSION = 5.0; CLANG_ENABLE_MODULES = YES; TARGETED_DEVICE_FAMILY = "1,2"; CODE_SIGN_STYLE = Automatic; DEVELOPMENT_TEAM = ""; PRODUCT_NAME = "$(TARGET_NAME)"; LD_RUNPATH_SEARCH_PATHS = ("$(inherited)","@executable_path/Frameworks",); PRODUCT_BUNDLE_IDENTIFIER = net.kusapo.kairo; INFOPLIST_FILE = Kairo/Resources/Info.plist; GENERATE_INFOPLIST_FILE = NO; ASSETCATALOG_COMPILER_APPICON_NAME = AppIcon;  }; name = Release; };
F37922C48DA5978D02C9E50E = { isa = XCConfigurationList; buildConfigurations = (E9B2E96ABC5F6856F2BE79CF,5A8C91857F674E16E2724F47,); defaultConfigurationIsVisible = 0; defaultConfigurationName = Release; };
0F3D67935A4F199E058A017A = { isa = XCBuildConfiguration; buildSettings = { IPHONEOS_DEPLOYMENT_TARGET = 17.0; SDKROOT = iphoneos; SWIFT_VERSION = 5.0; CLANG_ENABLE_MODULES = YES; TARGETED_DEVICE_FAMILY = "1,2"; CODE_SIGN_STYLE = Automatic; DEVELOPMENT_TEAM = ""; PRODUCT_NAME = "$(TARGET_NAME)"; LD_RUNPATH_SEARCH_PATHS = ("$(inherited)","@executable_path/Frameworks",); PRODUCT_BUNDLE_IDENTIFIER = net.kusapo.kairo.tests; GENERATE_INFOPLIST_FILE = YES; TEST_HOST = "$(BUILT_PRODUCTS_DIR)/Kairo.app/Kairo"; BUNDLE_LOADER = "$(TEST_HOST)";  }; name = Debug; };
20B70E15FDC36C625E57F658 = { isa = XCBuildConfiguration; buildSettings = { IPHONEOS_DEPLOYMENT_TARGET = 17.0; SDKROOT = iphoneos; SWIFT_VERSION = 5.0; CLANG_ENABLE_MODULES = YES; TARGETED_DEVICE_FAMILY = "1,2"; CODE_SIGN_STYLE = Automatic; DEVELOPMENT_TEAM = ""; PRODUCT_NAME = "$(TARGET_NAME)"; LD_RUNPATH_SEARCH_PATHS = ("$(inherited)","@executable_path/Frameworks",); PRODUCT_BUNDLE_IDENTIFIER = net.kusapo.kairo.tests; GENERATE_INFOPLIST_FILE = YES; TEST_HOST = "$(BUILT_PRODUCTS_DIR)/Kairo.app/Kairo"; BUNDLE_LOADER = "$(TEST_HOST)";  }; name = Release; };
61AF5D6BEA2D148C6F2833BF = { isa = XCConfigurationList; buildConfigurations = (0F3D67935A4F199E058A017A,20B70E15FDC36C625E57F658,); defaultConfigurationIsVisible = 0; defaultConfigurationName = Release; };
3B07A601889A5C98A1E12C74 = { isa = PBXContainerItemProxy; containerPortal = 98F54143AB4E86B28C3AFEE0; proxyType = 1; remoteGlobalIDString = 4F6027D858B72CC70E5CC8E9; remoteInfo = Kairo; };
2A21D9E9044D0B11FAFCCFE3 = { isa = PBXTargetDependency; target = 4F6027D858B72CC70E5CC8E9; targetProxy = 3B07A601889A5C98A1E12C74; };
4F6027D858B72CC70E5CC8E9 = { isa = PBXNativeTarget; buildConfigurationList = F37922C48DA5978D02C9E50E; buildPhases = (2D764CD838DB39F040AA7EC4,12384B5908BE5FE5B3301CEE,06F5DC629BD46AAFD46564D1,); buildRules = (); dependencies = (); name = Kairo; productName = Kairo; productReference = 38A007151ABE87CC01A5B6E9; productType = "com.apple.product-type.application"; };
0A06C5E2DA34E686D888A695 = { isa = PBXNativeTarget; buildConfigurationList = 61AF5D6BEA2D148C6F2833BF; buildPhases = (0AAF609B956B1178EE16AECC,0A7B6C0932A5D1B0862B4A3C,C154E96E5F496A9A26FEB46C,); buildRules = (); dependencies = (2A21D9E9044D0B11FAFCCFE3,); name = KairoTests; productName = KairoTests; productReference = B7480EC88B7F22D0A4757273; productType = "com.apple.product-type.bundle.unit-test"; };
98F54143AB4E86B28C3AFEE0 = { isa = PBXProject; attributes = { LastUpgradeCheck = 1600; }; buildConfigurationList = 862894B703A6DEDF96A9DD6C; compatibilityVersion = "Xcode 14.0"; developmentRegion = en; knownRegions = (en,Base,); mainGroup = 325F10A6957A34D66CB8C0E4; productRefGroup = FBDC4F23F93125BBEEAE800C; projectDirPath = ""; projectRoot = ""; targets = (4F6027D858B72CC70E5CC8E9,0A06C5E2DA34E686D888A695,); };
}; rootObject = 98F54143AB4E86B28C3AFEE0; }
